
Microsoft Visual Studio Solution File, Format Version 12.00
# Visual Studio 15
VisualStudioVersion = 15.0.27428.2043
MinimumVisualStudioVersion = 10.0.40219.1
Project("{8BC9CEB8-8B4A-11D0-8D11-00A0C91BC942}") = "Chart", "Chart.vcxproj", "{C4AE8630-D13A-479A-B94F-D072A1B68A0E}"
EndProject
Global
	GlobalSection(SolutionConfigurationPlatforms) = preSolution
		Debug|x64 = Debug|x64
		Debug|x86 = Debug|x86
		Release|x64 = Release|x64
		Release|x86 = Release|x86
	EndGlobalSection
	GlobalSection(ProjectConfigurationPlatforms) = postSolution
		{C4AE8630-D13A-479A-B94F-D072A1B68A0E}.Debug|x64.ActiveCfg = Debug|x64
		{C4AE8630-D13A-479A-B94F-D072A1B68A0E}.Debug|x64.Build.0 = Debug|x64
		{C4AE8630-D13A-479A-B94F-D072A1B68A0E}.Debug|x86.ActiveCfg = Debug|Win32
		{C4AE8630-D13A-479A-B94F-D072A1B68A0E}.Debug|x86.Build.0 = Debug|Win32
		{C4AE8630-D13A-479A-B94F-D072A1B68A0E}.Release|x64.ActiveCfg = Release|x64
		{C4AE8630-D13A-479A-B94F-D072A1B68A0E}.Release|x64.Build.0 = Release|x64
		{C4AE8630-D13A-479A-B94F-D072A1B68A0E}.Release|x86.ActiveCfg = Release|Win32
		{C4AE8630-D13A-479A-B94F-D072A1B68A0E}.Release|x86.Build.0 = Release|Win32
	EndGlobalSection
	GlobalSection(SolutionProperties) = preSolution
		HideSolutionNode = FALSE
	EndGlobalSection
	GlobalSection(ExtensibilityGlobals) = postSolution
		SolutionGuid = {36AA6A37-EA1D-4925-95BE-1E1A06370DCF}
	EndGlobalSection
EndGlobal
